{
  "originHash" : "59f07a6077db9e011c31171c8bf0cc149bc274e48db8fdde7faab7e827c9d18d",
  "pins" : [
    {
      "identity" : "awesome",
      "kind" : "remoteSourceControl",
      "location" : "https://github.com/LiveUI/Awesome",
      "state" : {
        "revision" : "40c68d0ca2b143c1118e636518706a4b8332777b",
        "version" : "2.4.0"
      }
    },
    {
      "identity" : "keychain-swift",
      "kind" : "remoteSourceControl",
      "location" : "https://github.com/evgenyneu/keychain-swift.git",
      "state" : {
        "revision" : "5e1b02b6a9dac2a759a1d5dbc175c86bd192a608",
        "version" : "24.0.0"
      }
    }
  ],
  "version" : 3
}
